// !$*UTF8*$!
{
	archiveVersion = 1;
	classes = {
	};
	objectVersion = 46;
	objects = {

/* Begin PBXBuildFile section */
		6E4AFEA119F826AE0097D7A3 /* main.m in Sources */ = {isa = PBXBuildFile; fileRef = 6E4AFEA019F826AE0097D7A3 /* main.m */; };
		6E4AFEA419F826AE0097D7A3 /* AppDelegate.m in Sources */ = {isa = PBXBuildFile; fileRef = 6E4AFEA319F826AE0097D7A3 /* AppDelegate.m */; };
		6E4AFEA719F826AE0097D7A3 /* MasterViewController.m in Sources */ = {isa = PBXBuildFile; fileRef = 6E4AFEA619F826AE0097D7A3 /* MasterViewController.m */; };
		6E4AFEAA19F826AE0097D7A3 /* DetailViewController.m in Sources */ = {isa = PBXBuildFile; fileRef = 6E4AFEA919F826AE0097D7A3 /* DetailViewController.m */; };
		6E4AFEAD19F826AE0097D7A3 /* Main.storyboard in Resources */ = {isa = PBXBuildFile; fileRef = 6E4AFEAB19F826AE0097D7A3 /* Main.storyboard */; };
		6E4AFEAF19F826AE0097D7A3 /* Images.xcassets in Resources */ = {isa = PBXBuildFile; fileRef = 6E4AFEAE19F826AE0097D7A3 /* Images.xcassets */; };
		6E4AFEB219F826AE0097D7A3 /* LaunchScreen.xib in Resources */ = {isa = PBXBuildFile; fileRef = 6E4AFEB019F826AE0097D7A3 /* LaunchScreen.xib */; };
		6E4AFEBE19F826AE0097D7A3 /* MasterDetailTests.m in Sources */ = {isa = PBXBuildFile; fileRef = 6E4AFEBD19F826AE0097D7A3 /* MasterDetailTests.m */; };
/* End PBXBuildFile section */

/* Begin PBXContainerItemProxy section */
		6E4AFEB819F826AE0097D7A3 /* PBXContainerItemProxy */ = {
			isa = PBXContainerItemProxy;
			containerPortal = 6E4AFE9319F826AE0097D7A3 /* Project object */;
			proxyType = 1;
			remoteGlobalIDString = 6E4AFE9A19F826AE0097D7A3;
			remoteInfo = MasterDetail;
		};
/* End PBXContainerItemProxy section */

/* Begin PBXFileReference section */
		6E4AFE9B19F826AE0097D7A3 /* MasterDetail.app */ = {isa = PBXFileReference; explicitFileType = wrapper.application; includeInIndex = 0; path = MasterDetail.app; sourceTree = BUILT_PRODUCTS_DIR; };
		6E4AFE9F19F826AE0097D7A3 /* Info.plist */ = {isa = PBXFileReference; lastKnownFileType = text.plist.xml; path = Info.plist; sourceTree = "<group>"; };
		6E4AFEA019F826AE0097D7A3 /* main.m */ = {isa = PBXFileReference; lastKnownFileType = sourcecode.c.objc; path = main.m; sourceTree = "<group>"; };
		6E4AFEA219F826AE0097D7A3 /* AppDelegate.h */ = {isa = PBXFileReference; lastKnownFileType = sourcecode.c.h; path = AppDelegate.h; sourceTree = "<group>"; };
		6E4AFEA319F826AE0097D7A3 /* AppDelegate.m */ = {isa = PBXFileReference; lastKnownFileType = sourcecode.c.objc; path = AppDelegate.m; sourceTree = "<group>"; };
		6E4AFEA519F826AE0097D7A3 /* MasterViewController.h */ = {isa = PBXFileReference; lastKnownFileType = sourcecode.c.h; path = MasterViewController.h; sourceTree = "<group>"; };
		6E4AFEA619F826AE0097D7A3 /* MasterViewController.m */ = {isa = PBXFileReference; lastKnownFileType = sourcecode.c.objc; path = MasterViewController.m; sourceTree = "<group>"; };
		6E4AFEA819F826AE0097D7A3 /* DetailViewController.h */ = {isa = PBXFileReference; lastKnownFileType = sourcecode.c.h; path = DetailViewController.h; sourceTree = "<group>"; };
		6E4AFEA919F826AE0097D7A3 /* DetailViewController.m */ = {isa = PBXFileReference; lastKnownFileType = sourcecode.c.objc; path = DetailViewController.m; sourceTree = "<group>"; };
		6E4AFEAC19F826AE0097D7A3 /* Base */ = {isa = PBXFileReference; lastKnownFileType = file.storyboard; name = Base; path = Base.lproj/Main.storyboard; sourceTree = "<group>"; };
		6E4AFEAE19F826AE0097D7A3 /* Images.xcassets */ = {isa = PBXFileReference; lastKnownFileType = folder.assetcatalog; path = Images.xcassets; sourceTree = "<group>"; };
		6E4AFEB119F826AE0097D7A3 /* Base */ = {isa = PBXFileReference; lastKnownFileType = file.xib; name = Base; path = Base.lproj/LaunchScreen.xib; sourceTree = "<group>"; };
		6E4AFEB719F826AE0097D7A3 /* MasterDetailTests.xctest */ = {isa = PBXFileReference; explicitFileType = wrapper.cfbundle; includeInIndex = 0; path = MasterDetailTests.xctest; sourceTree = BUILT_PRODUCTS_DIR; };
		6E4AFEBC19F826AE0097D7A3 /* Info.plist */ = {isa = PBXFileReference; lastKnownFileType = text.plist.xml; path = Info.plist; sourceTree = "<group>"; };
		6E4AFEBD19F826AE0097D7A3 /* MasterDetailTests.m */ = {isa = PBXFileReference; lastKnownFileType = sourcecode.c.objc; path = MasterDetailTests.m; sourceTree = "<group>"; };
/* End PBXFileReference section */

/* Begin PBXFrameworksBuildPhase section */
		6E4AFE9819F826AE0097D7A3 /* Frameworks */ = {
			isa = PBXFrameworksBuildPhase;
			buildActionMask = 2147483647;
			files = (
			);
			runOnlyForDeploymentPostprocessing = 0;
		};
		6E4AFEB419F826AE0097D7A3 /* Frameworks */ = {
			isa = PBXFrameworksBuildPhase;
			buildActionMask = 2147483647;
			files = (
			);
			runOnlyForDeploymentPostprocessing = 0;
		};
/* End PBXFrameworksBuildPhase section */

/* Begin PBXGroup section */
		6E4AFE9219F826AE0097D7A3 = {
			isa = PBXGroup;
			children = (
				6E4AFE9D19F826AE0097D7A3 /* MasterDetail */,
				6E4AFEBA19F826AE0097D7A3 /* MasterDetailTests */,
				6E4AFE9C19F826AE0097D7A3 /* Products */,
			);
			sourceTree = "<group>";
		};
		6E4AFE9C19F826AE0097D7A3 /* Products */ = {
			isa = PBXGroup;
			children = (
				6E4AFE9B19F826AE0097D7A3 /* MasterDetail.app */,
				6E4AFEB719F826AE0097D7A3 /* MasterDetailTests.xctest */,
			);
			name = Products;
			sourceTree = "<group>";
		};
		6E4AFE9D19F826AE0097D7A3 /* MasterDetail */ = {
			isa = PBXGroup;
			children = (
				6E4AFEA219F826AE0097D7A3 /* AppDelegate.h */,
				6E4AFEA319F826AE0097D7A3 /* AppDelegate.m */,
				6E4AFEA519F826AE0097D7A3 /* MasterViewController.h */,
				6E4AFEA619F826AE0097D7A3 /* MasterViewController.m */,
				6E4AFEA819F826AE0097D7A3 /* DetailViewController.h */,
				6E4AFEA919F826AE0097D7A3 /* DetailViewController.m */,
				6E4AFEAB19F826AE0097D7A3 /* Main.storyboard */,
				6E4AFEAE19F826AE0097D7A3 /* Images.xcassets */,
				6E4AFEB019F826AE0097D7A3 /* LaunchScreen.xib */,
				6E4AFE9E19F826AE0097D7A3 /* Supporting Files */,
			);
			path = MasterDetail;
			sourceTree = "<group>";
		};
		6E4AFE9E19F826AE0097D7A3 /* Supporting Files */ = {
			isa = PBXGroup;
			children = (
				6E4AFE9F19F826AE0097D7A3 /* Info.plist */,
				6E4AFEA019F826AE0097D7A3 /* main.m */,
			);
			name = "Supporting Files";
			sourceTree = "<group>";
		};
		6E4AFEBA19F826AE0097D7A3 /* MasterDetailTests */ = {
			isa = PBXGroup;
			children = (
				6E4AFEBD19F826AE0097D7A3 /* MasterDetailTests.m */,
				6E4AFEBB19F826AE0097D7A3 /* Supporting Files */,
			);
			path = MasterDetailTests;
			sourceTree = "<group>";
		};
		6E4AFEBB19F826AE0097D7A3 /* Supporting Files */ = {
			isa = PBXGroup;
			children = (
				6E4AFEBC19F826AE0097D7A3 /* Info.plist */,
			);
			name = "Supporting Files";
			sourceTree = "<group>";
		};
/* End PBXGroup section */

/* Begin PBXNativeTarget section */
		6E4AFE9A19F826AE0097D7A3 /* MasterDetail */ = {
			isa = PBXNativeTarget;
			buildConfigurationList = 6E4AFEC119F826AE0097D7A3 /* Build configuration list for PBXNativeTarget "MasterDetail" */;
			buildPhases = (
				6E4AFE9719F826AE0097D7A3 /* Sources */,
				6E4AFE9819F826AE0097D7A3 /* Frameworks */,
				6E4AFE9919F826AE0097D7A3 /* Resources */,
			);
			buildRules = (
			);
			dependencies = (
			);
			name = MasterDetail;
			productName = MasterDetail;
			productReference = 6E4AFE9B19F826AE0097D7A3 /* MasterDetail.app */;
			productType = "com.apple.product-type.application";
		};
		6E4AFEB619F826AE0097D7A3 /* MasterDetailTests */ = {
			isa = PBXNativeTarget;
			buildConfigurationList = 6E4AFEC419F826AE0097D7A3 /* Build configuration list for PBXNativeTarget "MasterDetailTests" */;
			buildPhases = (
				6E4AFEB319F826AE0097D7A3 /* Sources */,
				6E4AFEB419F826AE0097D7A3 /* Frameworks */,
				6E4AFEB519F826AE0097D7A3 /* Resources */,
			);
			buildRules = (
			);
			dependencies = (
				6E4AFEB919F826AE0097D7A3 /* PBXTargetDependency */,
			);
			name = MasterDetailTests;
			productName = MasterDetailTests;
			productReference = 6E4AFEB719F826AE0097D7A3 /* MasterDetailTests.xctest */;
			productType = "com.apple.product-type.bundle.unit-test";
		};
/* End PBXNativeTarget section */

/* Begin PBXProject section */
		6E4AFE9319F826AE0097D7A3 /* Project object */ = {
			isa = PBXProject;
			attributes = {
				LastUpgradeCheck = 0600;
				ORGANIZATIONNAME = "Pablo Formoso Estada";
				TargetAttributes = {
					6E4AFE9A19F826AE0097D7A3 = {
						CreatedOnToolsVersion = 6.0.1;
					};
					6E4AFEB619F826AE0097D7A3 = {
						CreatedOnToolsVersion = 6.0.1;
						TestTargetID = 6E4AFE9A19F826AE0097D7A3;
					};
				};
			};
			buildConfigurationList = 6E4AFE9619F826AE0097D7A3 /* Build configuration list for PBXProject "MasterDetail" */;
			compatibilityVersion = "Xcode 3.2";
			developmentRegion = English;
			hasScannedForEncodings = 0;
			knownRegions = (
				en,
				Base,
			);
			mainGroup = 6E4AFE9219F826AE0097D7A3;
			productRefGroup = 6E4AFE9C19F826AE0097D7A3 /* Products */;
			projectDirPath = "";
			projectRoot = "";
			targets = (
				6E4AFE9A19F826AE0097D7A3 /* MasterDetail */,
				6E4AFEB619F826AE0097D7A3 /* MasterDetailTests */,
			);
		};
/* End PBXProject section */

/* Begin PBXResourcesBuildPhase section */
		6E4AFE9919F826AE0097D7A3 /* Resources */ = {
			isa = PBXResourcesBuildPhase;
			buildActionMask = 2147483647;
			files = (
				6E4AFEAD19F826AE0097D7A3 /* Main.storyboard in Resources */,
				6E4AFEB219F826AE0097D7A3 /* LaunchScreen.xib in Resources */,
				6E4AFEAF19F826AE0097D7A3 /* Images.xcassets in Resources */,
			);
			runOnlyForDeploymentPostprocessing = 0;
		};
		6E4AFEB519F826AE0097D7A3 /* Resources */ = {
			isa = PBXResourcesBuildPhase;
			buildActionMask = 2147483647;
			files = (
			);
			runOnlyForDeploymentPostprocessing = 0;
		};
/* End PBXResourcesBuildPhase section */

/* Begin PBXSourcesBuildPhase section */
		6E4AFE9719F826AE0097D7A3 /* Sources */ = {
			isa = PBXSourcesBuildPhase;
			buildActionMask = 2147483647;
			files = (
				6E4AFEA419F826AE0097D7A3 /* AppDelegate.m in Sources */,
				6E4AFEA719F826AE0097D7A3 /* MasterViewController.m in Sources */,
				6E4AFEA119F826AE0097D7A3 /* main.m in Sources */,
				6E4AFEAA19F826AE0097D7A3 /* DetailViewController.m in Sources */,
			);
			runOnlyForDeploymentPostprocessing = 0;
		};
		6E4AFEB319F826AE0097D7A3 /* Sources */ = {
			isa = PBXSourcesBuildPhase;
			buildActionMask = 2147483647;
			files = (
				6E4AFEBE19F826AE0097D7A3 /* MasterDetailTests.m in Sources */,
			);
			runOnlyForDeploymentPostprocessing = 0;
		};
/* End PBXSourcesBuildPhase section */

/* Begin PBXTargetDependency section */
		6E4AFEB919F826AE0097D7A3 /* PBXTargetDependency */ = {
			isa = PBXTargetDependency;
			target = 6E4AFE9A19F826AE0097D7A3 /* MasterDetail */;
			targetProxy = 6E4AFEB819F826AE0097D7A3 /* PBXContainerItemProxy */;
		};
/* End PBXTargetDependency section */

/* Begin PBXVariantGroup section */
		6E4AFEAB19F826AE0097D7A3 /* Main.storyboard */ = {
			isa = PBXVariantGroup;
			children = (
				6E4AFEAC19F826AE0097D7A3 /* Base */,
			);
			name = Main.storyboard;
			sourceTree = "<group>";
		};
		6E4AFEB019F826AE0097D7A3 /* LaunchScreen.xib */ = {
			isa = PBXVariantGroup;
			children = (
				6E4AFEB119F826AE0097D7A3 /* Base */,
			);
			name = LaunchScreen.xib;
			sourceTree = "<group>";
		};
/* End PBXVariantGroup section */

/* Begin XCBuildConfiguration section */
		6E4AFEBF19F826AE0097D7A3 /* Debug */ = {
			isa = XCBuildConfiguration;
			buildSettings = {
				ALWAYS_SEARCH_USER_PATHS = NO;
				CLANG_CXX_LANGUAGE_STANDARD = "gnu++0x";
				CLANG_CXX_LIBRARY = "libc++";
				CLANG_ENABLE_MODULES = YES;
				CLANG_ENABLE_OBJC_ARC = YES;
				CLANG_WARN_BOOL_CONVERSION = YES;
				CLANG_WARN_CONSTANT_CONVERSION = YES;
				CLANG_WARN_DIRECT_OBJC_ISA_USAGE = YES_ERROR;
				CLANG_WARN_EMPTY_BODY = YES;
				CLANG_WARN_ENUM_CONVERSION = YES;
				CLANG_WARN_INT_CONVERSION = YES;
				CLANG_WARN_OBJC_ROOT_CLASS = YES_ERROR;
				CLANG_WARN_UNREACHABLE_CODE = YES;
				CLANG_WARN__DUPLICATE_METHOD_MATCH = YES;
				"CODE_SIGN_IDENTITY[sdk=iphoneos*]" = "iPhone Developer";
				COPY_PHASE_STRIP = NO;
				ENABLE_STRICT_OBJC_MSGSEND = YES;
				GCC_C_LANGUAGE_STANDARD = gnu99;
				GCC_DYNAMIC_NO_PIC = NO;
				GCC_OPTIMIZATION_LEVEL = 0;
				GCC_PREPROCESSOR_DEFINITIONS = (
					"DEBUG=1",
					"$(inherited)",
				);
				GCC_SYMBOLS_PRIVATE_EXTERN = NO;
				GCC_WARN_64_TO_32_BIT_CONVERSION = YES;
				GCC_WARN_ABOUT_RETURN_TYPE = YES_ERROR;
				GCC_WARN_UNDECLARED_SELECTOR = YES;
				GCC_WARN_UNINITIALIZED_AUTOS = YES_AGGRESSIVE;
				GCC_WARN_UNUSED_FUNCTION = YES;
				GCC_WARN_UNUSED_VARIABLE = YES;
				IPHONEOS_DEPLOYMENT_TARGET = 8.0;
				MTL_ENABLE_DEBUG_INFO = YES;
				ONLY_ACTIVE_ARCH = YES;
				SDKROOT = iphoneos;
				TARGETED_DEVICE_FAMILY = "1,2";
			};
			name = Debug;
		};
		6E4AFEC019F826AE0097D7A3 /* Release */ = {
			isa = XCBuildConfiguration;
			buildSettings = {
				ALWAYS_SEARCH_USER_PATHS = NO;
				CLANG_CXX_LANGUAGE_STANDARD = "gnu++0x";
				CLANG_CXX_LIBRARY = "libc++";
				CLANG_ENABLE_MODULES = YES;
				CLANG_ENABLE_OBJC_ARC = YES;
				CLANG_WARN_BOOL_CONVERSION = YES;
				CLANG_WARN_CONSTANT_CONVERSION = YES;
				CLANG_WARN_DIRECT_OBJC_ISA_USAGE = YES_ERROR;
				CLANG_WARN_EMPTY_BODY = YES;
				CLANG_WARN_ENUM_CONVERSION = YES;
				CLANG_WARN_INT_CONVERSION = YES;
				CLANG_WARN_OBJC_ROOT_CLASS = YES_ERROR;
				CLANG_WARN_UNREACHABLE_CODE = YES;
				CLANG_WARN__DUPLICATE_METHOD_MATCH = YES;
				"CODE_SIGN_IDENTITY[sdk=iphoneos*]" = "iPhone Developer";
				COPY_PHASE_STRIP = YES;
				ENABLE_NS_ASSERTIONS = NO;
				ENABLE_STRICT_OBJC_MSGSEND = YES;
				GCC_C_LANGUAGE_STANDARD = gnu99;
				GCC_WARN_64_TO_32_BIT_CONVERSION = YES;
				GCC_WARN_ABOUT_RETURN_TYPE = YES_ERROR;
				GCC_WARN_UNDECLARED_SELECTOR = YES;
				GCC_WARN_UNINITIALIZED_AUTOS = YES_AGGRESSIVE;
				GCC_WARN_UNUSED_FUNCTION = YES;
				GCC_WARN_UNUSED_VARIABLE = YES;
				IPHONEOS_DEPLOYMENT_TARGET = 8.0;
				MTL_ENABLE_DEBUG_INFO = NO;
				SDKROOT = iphoneos;
				TARGETED_DEVICE_FAMILY = "1,2";
				VALIDATE_PRODUCT = YES;
			};
			name = Release;
		};
		6E4AFEC219F826AE0097D7A3 /* Debug */ = {
			isa = XCBuildConfiguration;
			buildSettings = {
				ASSETCATALOG_COMPILER_APPICON_NAME = AppIcon;
				INFOPLIST_FILE = MasterDetail/Info.plist;
				LD_RUNPATH_SEARCH_PATHS = "$(inherited) @executable_path/Frameworks";
				PRODUCT_NAME = "$(TARGET_NAME)";
			};
			name = Debug;
		};
		6E4AFEC319F826AE0097D7A3 /* Release */ = {
			isa = XCBuildConfiguration;
			buildSettings = {
				ASSETCATALOG_COMPILER_APPICON_NAME = AppIcon;
				INFOPLIST_FILE = MasterDetail/Info.plist;
				LD_RUNPATH_SEARCH_PATHS = "$(inherited) @executable_path/Frameworks";
				PRODUCT_NAME = "$(TARGET_NAME)";
			};
			name = Release;
		};
		6E4AFEC519F826AE0097D7A3 /* Debug */ = {
			isa = XCBuildConfiguration;
			buildSettings = {
				BUNDLE_LOADER = "$(TEST_HOST)";
				FRAMEWORK_SEARCH_PATHS = (
					"$(SDKROOT)/Developer/Library/Frameworks",
					"$(inherited)",
				);
				GCC_PREPROCESSOR_DEFINITIONS = (
					"DEBUG=1",
					"$(inherited)",
				);
				INFOPLIST_FILE = MasterDetailTests/Info.plist;
				LD_RUNPATH_SEARCH_PATHS = "$(inherited) @executable_path/Frameworks @loader_path/Frameworks";
				PRODUCT_NAME = "$(TARGET_NAME)";
				TEST_HOST = "$(BUILT_PRODUCTS_DIR)/MasterDetail.app/MasterDetail";
			};
			name = Debug;
		};
		6E4AFEC619F826AE0097D7A3 /* Release */ = {
			isa = XCBuildConfiguration;
			buildSettings = {
				BUNDLE_LOADER = "$(TEST_HOST)";
				FRAMEWORK_SEARCH_PATHS = (
					"$(SDKROOT)/Developer/Library/Frameworks",
					"$(inherited)",
				);
				INFOPLIST_FILE = MasterDetailTests/Info.plist;
				LD_RUNPATH_SEARCH_PATHS = "$(inherited) @executable_path/Frameworks @loader_path/Frameworks";
				PRODUCT_NAME = "$(TARGET_NAME)";
				TEST_HOST = "$(BUILT_PRODUCTS_DIR)/MasterDetail.app/MasterDetail";
			};
			name = Release;
		};
/* End XCBuildConfiguration section */

/* Begin XCConfigurationList section */
		6E4AFE9619F826AE0097D7A3 /* Build configuration list for PBXProject "MasterDetail" */ = {
			isa = XCConfigurationList;
			buildConfigurations = (
				6E4AFEBF19F826AE0097D7A3 /* Debug */,
				6E4AFEC019F826AE0097D7A3 /* Release */,
			);
			defaultConfigurationIsVisible = 0;
			defaultConfigurationName = Release;
		};
		6E4AFEC119F826AE0097D7A3 /* Build configuration list for PBXNativeTarget "MasterDetail" */ = {
			isa = XCConfigurationList;
			buildConfigurations = (
				6E4AFEC219F826AE0097D7A3 /* Debug */,
				6E4AFEC319F826AE0097D7A3 /* Release */,
			);
			defaultConfigurationIsVisible = 0;
		};
		6E4AFEC419F826AE0097D7A3 /* Build configuration list for PBXNativeTarget "MasterDetailTests" */ = {
			isa = XCConfigurationList;
			buildConfigurations = (
				6E4AFEC519F826AE0097D7A3 /* Debug */,
				6E4AFEC619F826AE0097D7A3 /* Release */,
			);
			defaultConfigurationIsVisible = 0;
		};
/* End XCConfigurationList section */
	};
	rootObject = 6E4AFE9319F826AE0097D7A3 /* Project object */;
}
